{
  "name": "wokwi-circuitpython-libraries",
  "version": "1.0.0",
  "lockfileVersion": 2,
  "requires": true,
  "packages": {
    "": {
      "name": "wokwi-circuitpython-libraries",
      "version": "1.0.0",
      "license": "ISC",
      "dependencies": {
        "@zip.js/zip.js": "^2.6.65",
        "rimraf": "^4.1.2"
      }
    },
    "node_modules/@zip.js/zip.js": {
      "version": "2.6.65",
      "resolved": "https://registry.npmjs.org/@zip.js/zip.js/-/zip.js-2.6.65.tgz",
      "integrity": "sha512-iFIjI0GiCQtOQBcQgy4PCN4BRfCqbRuh5WMYpkywJyqx6objIMl82StCP6asczdOAyoAVwP4gs2aWNEi8RqcZw==",
      "engines": {
        "deno": ">=1.0.0",
        "node": ">=16.5.0"
      }
    },
    "node_modules/rimraf": {
      "version": "4.1.2",
      "resolved": "https://registry.npmjs.org/rimraf/-/rimraf-4.1.2.tgz",
      "integrity": "sha512-BlIbgFryTbw3Dz6hyoWFhKk+unCcHMSkZGrTFVAx2WmttdBSonsdtRlwiuTbDqTKr+UlXIUqJVS4QT5tUzGENQ==",
      "bin": {
        "rimraf": "dist/cjs/src/bin.js"
      },
      "engines": {
        "node": ">=14"
      },
      "funding": {
        "url": "https://github.com/sponsors/isaacs"
      }
    }
  },
  "dependencies": {
    "@zip.js/zip.js": {
      "version": "2.6.65",
      "resolved": "https://registry.npmjs.org/@zip.js/zip.js/-/zip.js-2.6.65.tgz",
      "integrity": "sha512-iFIjI0GiCQtOQBcQgy4PCN4BRfCqbRuh5WMYpkywJyqx6objIMl82StCP6asczdOAyoAVwP4gs2aWNEi8RqcZw=="
    },
    "rimraf": {
      "version": "4.1.2",
      "resolved": "https://registry.npmjs.org/rimraf/-/rimraf-4.1.2.tgz",
      "integrity": "sha512-BlIbgFryTbw3Dz6hyoWFhKk+unCcHMSkZGrTFVAx2WmttdBSonsdtRlwiuTbDqTKr+UlXIUqJVS4QT5tUzGENQ=="
    }
  }
}
